
Microsoft Visual Studio Solution File, Format Version 12.00
# Visual Studio Version 16
VisualStudioVersion = 16.0.32407.337
MinimumVisualStudioVersion = 10.0.40219.1
Project("{FAE04EC0-301F-11D3-BF4B-00C04F79EFBC}") = "DummyLoader.Plugin", "DummyLoader.Plugin.csproj", "{538D1ADA-E916-457B-B74D-6594C1B70D08}"
EndProject
Global
	GlobalSection(SolutionConfigurationPlatforms) = preSolution
		Debug|Any CPU = Debug|Any CPU
		Release|Any CPU = Release|Any CPU
	EndGlobalSection
	GlobalSection(ProjectConfigurationPlatforms) = postSolution
		{538D1ADA-E916-457B-B74D-6594C1B70D08}.Debug|Any CPU.ActiveCfg = Debug|Any CPU
		{538D1ADA-E916-457B-B74D-6594C1B70D08}.Debug|Any CPU.Build.0 = Debug|Any CPU
		{538D1ADA-E916-457B-B74D-6594C1B70D08}.Release|Any CPU.ActiveCfg = Release|Any CPU
		{538D1ADA-E916-457B-B74D-6594C1B70D08}.Release|Any CPU.Build.0 = Release|Any CPU
	EndGlobalSection
	GlobalSection(SolutionProperties) = preSolution
		HideSolutionNode = FALSE
	EndGlobalSection
	GlobalSection(ExtensibilityGlobals) = postSolution
		SolutionGuid = {DFD8BE4F-3C9D-4195-BF76-AFD0D1DCFBD9}
	EndGlobalSection
EndGlobal
